{
  "lockfile_version": "1",
  "packages": {
    "rustup@latest": {
      "last_modified": "2023-10-25T20:49:13Z",
      "plugin_version": "0.0.1",
      "resolved": "github:NixOS/nixpkgs/75a52265bda7fd25e06e3a67dee3f0354e73243c#rustup",
      "source": "devbox-search",
      "version": "1.26.0",
      "systems": {
        "aarch64-darwin": {
          "store_path": "/nix/store/4m1fx36b77rsc3b4b15r02hdvl6a2vlh-rustup-1.26.0"
        },
        "aarch64-linux": {
          "store_path": "/nix/store/4pzfhdgpyjbh0qggqwpf9mdrd0ra1yvd-rustup-1.26.0"
        },
        "x86_64-darwin": {
          "store_path": "/nix/store/9icr959bamjj8q6ljcrn6wasgbvp0xp2-rustup-1.26.0"
        },
        "x86_64-linux": {
          "store_path": "/nix/store/0cn8dalwkmdark0zhpyn05453vb2lnds-rustup-1.26.0"
        }
      }
    }
  }
}
